
Microsoft Visual Studio Solution File, Format Version 12.00
# Visual Studio Version 17
VisualStudioVersion = 17.5.002.0
MinimumVisualStudioVersion = 10.0.40219.1
Project("{9A19103F-16F7-4668-BE54-9A1E7A4F7556}") = "FirstCSharp", "FirstCSharp.csproj", "{E98E7910-02EB-4259-A9EE-9974BEA0DBE5}"
EndProject
Global
	GlobalSection(SolutionConfigurationPlatforms) = preSolution
		Debug|Any CPU = Debug|Any CPU
		Release|Any CPU = Release|Any CPU
	EndGlobalSection
	GlobalSection(ProjectConfigurationPlatforms) = postSolution
		{E98E7910-02EB-4259-A9EE-9974BEA0DBE5}.Debug|Any CPU.ActiveCfg = Debug|Any CPU
		{E98E7910-02EB-4259-A9EE-9974BEA0DBE5}.Debug|Any CPU.Build.0 = Debug|Any CPU
		{E98E7910-02EB-4259-A9EE-9974BEA0DBE5}.Release|Any CPU.ActiveCfg = Release|Any CPU
		{E98E7910-02EB-4259-A9EE-9974BEA0DBE5}.Release|Any CPU.Build.0 = Release|Any CPU
	EndGlobalSection
	GlobalSection(SolutionProperties) = preSolution
		HideSolutionNode = FALSE
	EndGlobalSection
	GlobalSection(ExtensibilityGlobals) = postSolution
		SolutionGuid = {A08AF87B-ECEE-406E-AA8F-2F6D872FE22A}
	EndGlobalSection
EndGlobal
