
Microsoft Visual Studio Solution File, Format Version 12.00
# Visual Studio Version 17
VisualStudioVersion = 17.5.002.0
MinimumVisualStudioVersion = 10.0.40219.1
Project("{2150E333-8FDC-42A3-9474-1A3956D46DE8}") = "Day01", "Day01", "{DAD09A63-6418-4D3F-982F-2E60166BE80C}"
EndProject
Project("{9A19103F-16F7-4668-BE54-9A1E7A4F7556}") = "FirstCSharp", "Day01\FirstCSharp\FirstCSharp.csproj", "{12C13221-C2F6-464B-9068-B1791E1D5225}"
EndProject
Global
	GlobalSection(SolutionConfigurationPlatforms) = preSolution
		Debug|Any CPU = Debug|Any CPU
		Release|Any CPU = Release|Any CPU
	EndGlobalSection
	GlobalSection(ProjectConfigurationPlatforms) = postSolution
		{12C13221-C2F6-464B-9068-B1791E1D5225}.Debug|Any CPU.ActiveCfg = Debug|Any CPU
		{12C13221-C2F6-464B-9068-B1791E1D5225}.Debug|Any CPU.Build.0 = Debug|Any CPU
		{12C13221-C2F6-464B-9068-B1791E1D5225}.Release|Any CPU.ActiveCfg = Release|Any CPU
		{12C13221-C2F6-464B-9068-B1791E1D5225}.Release|Any CPU.Build.0 = Release|Any CPU
	EndGlobalSection
	GlobalSection(SolutionProperties) = preSolution
		HideSolutionNode = FALSE
	EndGlobalSection
	GlobalSection(NestedProjects) = preSolution
		{12C13221-C2F6-464B-9068-B1791E1D5225} = {DAD09A63-6418-4D3F-982F-2E60166BE80C}
	EndGlobalSection
	GlobalSection(ExtensibilityGlobals) = postSolution
		SolutionGuid = {DB23E1B3-D05B-4C27-A417-640349E8148A}
	EndGlobalSection
EndGlobal
