
Microsoft Visual Studio Solution File, Format Version 12.00
# Visual Studio Version 17
VisualStudioVersion = 17.5.002.0
MinimumVisualStudioVersion = 10.0.40219.1
Project("{9A19103F-16F7-4668-BE54-9A1E7A4F7556}") = "OOPLecture", "OOPLecture\OOPLecture.csproj", "{9FD94F06-B4D5-4AD9-A98E-9FE4F4D2A126}"
EndProject
Global
	GlobalSection(SolutionConfigurationPlatforms) = preSolution
		Debug|Any CPU = Debug|Any CPU
		Release|Any CPU = Release|Any CPU
	EndGlobalSection
	GlobalSection(ProjectConfigurationPlatforms) = postSolution
		{9FD94F06-B4D5-4AD9-A98E-9FE4F4D2A126}.Debug|Any CPU.ActiveCfg = Debug|Any CPU
		{9FD94F06-B4D5-4AD9-A98E-9FE4F4D2A126}.Debug|Any CPU.Build.0 = Debug|Any CPU
		{9FD94F06-B4D5-4AD9-A98E-9FE4F4D2A126}.Release|Any CPU.ActiveCfg = Release|Any CPU
		{9FD94F06-B4D5-4AD9-A98E-9FE4F4D2A126}.Release|Any CPU.Build.0 = Release|Any CPU
	EndGlobalSection
	GlobalSection(SolutionProperties) = preSolution
		HideSolutionNode = FALSE
	EndGlobalSection
	GlobalSection(ExtensibilityGlobals) = postSolution
		SolutionGuid = {C56548A4-1906-48A5-A6EC-C68B42267AC1}
	EndGlobalSection
EndGlobal
